
Microsoft Visual Studio Solution File, Format Version 12.00
# Visual Studio 15
VisualStudioVersion = 15.0.27130.2036
MinimumVisualStudioVersion = 10.0.40219.1
Project("{FAE04EC0-301F-11D3-BF4B-00C04F79EFBC}") = "TwitterStreaming", "TwitterStreaming\TwitterStreaming.csproj", "{19400118-F693-4231-A967-FB41C34A28D5}"
EndProject
Project("{2150E333-8FDC-42A3-9474-1A3956D46DE8}") = "readme", "readme", "{373627DE-6AD8-41EC-97EA-DC71E2EAC2C4}"
	ProjectSection(SolutionItems) = preProject
		Readme.md = Readme.md
	EndProjectSection
EndProject
Global
	GlobalSection(SolutionConfigurationPlatforms) = preSolution
		Debug|Any CPU = Debug|Any CPU
		Release|Any CPU = Release|Any CPU
	EndGlobalSection
	GlobalSection(ProjectConfigurationPlatforms) = postSolution
		{19400118-F693-4231-A967-FB41C34A28D5}.Debug|Any CPU.ActiveCfg = Debug|Any CPU
		{19400118-F693-4231-A967-FB41C34A28D5}.Debug|Any CPU.Build.0 = Debug|Any CPU
		{19400118-F693-4231-A967-FB41C34A28D5}.Release|Any CPU.ActiveCfg = Release|Any CPU
		{19400118-F693-4231-A967-FB41C34A28D5}.Release|Any CPU.Build.0 = Release|Any CPU
	EndGlobalSection
	GlobalSection(SolutionProperties) = preSolution
		HideSolutionNode = FALSE
	EndGlobalSection
	GlobalSection(ExtensibilityGlobals) = postSolution
		SolutionGuid = {21046DFC-0955-4972-ADE0-D600E5C569CA}
	EndGlobalSection
EndGlobal
